
Microsoft Visual Studio Solution File, Format Version 12.00
# Visual Studio Version 17
VisualStudioVersion = 17.14.36429.23 d17.14
MinimumVisualStudioVersion = 10.0.40219.1
Project("{FAE04EC0-301F-11D3-BF4B-00C04F79EFBC}") = "Ariketa 7", "Ariketa 7\Ariketa 7.csproj", "{EB93BE02-655C-4187-B06D-F7DE3649D40D}"
EndProject
Global
	GlobalSection(SolutionConfigurationPlatforms) = preSolution
		Debug|Any CPU = Debug|Any CPU
		Release|Any CPU = Release|Any CPU
	EndGlobalSection
	GlobalSection(ProjectConfigurationPlatforms) = postSolution
		{EB93BE02-655C-4187-B06D-F7DE3649D40D}.Debug|Any CPU.ActiveCfg = Debug|Any CPU
		{EB93BE02-655C-4187-B06D-F7DE3649D40D}.Debug|Any CPU.Build.0 = Debug|Any CPU
		{EB93BE02-655C-4187-B06D-F7DE3649D40D}.Release|Any CPU.ActiveCfg = Release|Any CPU
		{EB93BE02-655C-4187-B06D-F7DE3649D40D}.Release|Any CPU.Build.0 = Release|Any CPU
	EndGlobalSection
	GlobalSection(SolutionProperties) = preSolution
		HideSolutionNode = FALSE
	EndGlobalSection
	GlobalSection(ExtensibilityGlobals) = postSolution
		SolutionGuid = {DA92A6B2-2D08-42B0-A1ED-FF767DBC619B}
	EndGlobalSection
EndGlobal
