
Microsoft Visual Studio Solution File, Format Version 12.00
# Visual Studio Version 17
VisualStudioVersion = 17.14.36414.22 d17.14
MinimumVisualStudioVersion = 10.0.40219.1
Project("{FAE04EC0-301F-11D3-BF4B-00C04F79EFBC}") = "Ariketa 11", "Ariketa 11\Ariketa 11.csproj", "{7BBFE970-27EA-4C88-8352-CC7316960C95}"
EndProject
Global
	GlobalSection(SolutionConfigurationPlatforms) = preSolution
		Debug|Any CPU = Debug|Any CPU
		Release|Any CPU = Release|Any CPU
	EndGlobalSection
	GlobalSection(ProjectConfigurationPlatforms) = postSolution
		{7BBFE970-27EA-4C88-8352-CC7316960C95}.Debug|Any CPU.ActiveCfg = Debug|Any CPU
		{7BBFE970-27EA-4C88-8352-CC7316960C95}.Debug|Any CPU.Build.0 = Debug|Any CPU
		{7BBFE970-27EA-4C88-8352-CC7316960C95}.Release|Any CPU.ActiveCfg = Release|Any CPU
		{7BBFE970-27EA-4C88-8352-CC7316960C95}.Release|Any CPU.Build.0 = Release|Any CPU
	EndGlobalSection
	GlobalSection(SolutionProperties) = preSolution
		HideSolutionNode = FALSE
	EndGlobalSection
	GlobalSection(ExtensibilityGlobals) = postSolution
		SolutionGuid = {A89324B7-FB87-4B96-A298-68894739F056}
	EndGlobalSection
EndGlobal
